// !$*UTF8*$!
{
	archiveVersion = 1;
	classes = {
	};
	objectVersion = 48;
	objects = {

/* Begin PBXBuildFile section */
		402E20DD20F0047700F1E823 /* AppDelegate.swift in Sources */ = {isa = PBXBuildFile; fileRef = 402E20DC20F0047700F1E823 /* AppDelegate.swift */; };
		402E20E220F0047700F1E823 /* Main.storyboard in Resources */ = {isa = PBXBuildFile; fileRef = 402E20E020F0047700F1E823 /* Main.storyboard */; };
		402E20E420F0047700F1E823 /* Assets.xcassets in Resources */ = {isa = PBXBuildFile; fileRef = 402E20E320F0047700F1E823 /* Assets.xcassets */; };
		402E20E720F0047700F1E823 /* LaunchScreen.storyboard in Resources */ = {isa = PBXBuildFile; fileRef = 402E20E520F0047700F1E823 /* LaunchScreen.storyboard */; };
		402E20F020F005F600F1E823 /* Task.swift in Sources */ = {isa = PBXBuildFile; fileRef = 402E20EF20F005F600F1E823 /* Task.swift */; };
		402E20F220F0068200F1E823 /* Category.swift in Sources */ = {isa = PBXBuildFile; fileRef = 402E20F120F0068200F1E823 /* Category.swift */; };
		402E20F520F00A9C00F1E823 /* TasksTableController.swift in Sources */ = {isa = PBXBuildFile; fileRef = 402E20F420F00A9C00F1E823 /* TasksTableController.swift */; };
		402E20F820F012C200F1E823 /* ListTaskTableViewCell.swift in Sources */ = {isa = PBXBuildFile; fileRef = 402E20F720F012C200F1E823 /* ListTaskTableViewCell.swift */; };
		403D0C8D20F3CF5400FF171A /* DisplayTaskViewController.swift in Sources */ = {isa = PBXBuildFile; fileRef = 403D0C8C20F3CF5400FF171A /* DisplayTaskViewController.swift */; };
		40965BCC20FED19A006AB314 /* PMSoundHelper.swift in Sources */ = {isa = PBXBuildFile; fileRef = 40965BCB20FED19A006AB314 /* PMSoundHelper.swift */; };
		40965BCE20FED27A006AB314 /* TimeViewController.swift in Sources */ = {isa = PBXBuildFile; fileRef = 40965BCD20FED27A006AB314 /* TimeViewController.swift */; };
		40965BD020FF0645006AB314 /* CategoryViewController.swift in Sources */ = {isa = PBXBuildFile; fileRef = 40965BCF20FF0645006AB314 /* CategoryViewController.swift */; };
		40965BD520FF0E03006AB314 /* PMCoreDataHelper.swift in Sources */ = {isa = PBXBuildFile; fileRef = 40965BD420FF0E03006AB314 /* PMCoreDataHelper.swift */; };
		78AC4EF020FFEF2000D4CE97 /* addStuff.swift in Sources */ = {isa = PBXBuildFile; fileRef = 78AC4EEF20FFEF2000D4CE97 /* addStuff.swift */; };
/* End PBXBuildFile section */

/* Begin PBXFileReference section */
		402E20D920F0047700F1E823 /* TodoMakeSchool.app */ = {isa = PBXFileReference; explicitFileType = wrapper.application; includeInIndex = 0; path = TodoMakeSchool.app; sourceTree = BUILT_PRODUCTS_DIR; };
		402E20DC20F0047700F1E823 /* AppDelegate.swift */ = {isa = PBXFileReference; lastKnownFileType = sourcecode.swift; path = AppDelegate.swift; sourceTree = "<group>"; };
		402E20E120F0047700F1E823 /* Base */ = {isa = PBXFileReference; lastKnownFileType = file.storyboard; name = Base; path = Base.lproj/Main.storyboard; sourceTree = "<group>"; };
		402E20E320F0047700F1E823 /* Assets.xcassets */ = {isa = PBXFileReference; lastKnownFileType = folder.assetcatalog; path = Assets.xcassets; sourceTree = "<group>"; };
		402E20E620F0047700F1E823 /* Base */ = {isa = PBXFileReference; lastKnownFileType = file.storyboard; name = Base; path = Base.lproj/LaunchScreen.storyboard; sourceTree = "<group>"; };
		402E20E820F0047700F1E823 /* Info.plist */ = {isa = PBXFileReference; lastKnownFileType = text.plist.xml; path = Info.plist; sourceTree = "<group>"; };
		402E20EF20F005F600F1E823 /* Task.swift */ = {isa = PBXFileReference; lastKnownFileType = sourcecode.swift; path = Task.swift; sourceTree = "<group>"; };
		402E20F120F0068200F1E823 /* Category.swift */ = {isa = PBXFileReference; lastKnownFileType = sourcecode.swift; path = Category.swift; sourceTree = "<group>"; };
		402E20F420F00A9C00F1E823 /* TasksTableController.swift */ = {isa = PBXFileReference; lastKnownFileType = sourcecode.swift; path = TasksTableController.swift; sourceTree = "<group>"; };
		402E20F720F012C200F1E823 /* ListTaskTableViewCell.swift */ = {isa = PBXFileReference; lastKnownFileType = sourcecode.swift; path = ListTaskTableViewCell.swift; sourceTree = "<group>"; };
		403D0C8C20F3CF5400FF171A /* DisplayTaskViewController.swift */ = {isa = PBXFileReference; lastKnownFileType = sourcecode.swift; path = DisplayTaskViewController.swift; sourceTree = "<group>"; };
		40965BCB20FED19A006AB314 /* PMSoundHelper.swift */ = {isa = PBXFileReference; lastKnownFileType = sourcecode.swift; path = PMSoundHelper.swift; sourceTree = "<group>"; };
		40965BCD20FED27A006AB314 /* TimeViewController.swift */ = {isa = PBXFileReference; lastKnownFileType = sourcecode.swift; path = TimeViewController.swift; sourceTree = "<group>"; };
		40965BCF20FF0645006AB314 /* CategoryViewController.swift */ = {isa = PBXFileReference; lastKnownFileType = sourcecode.swift; path = CategoryViewController.swift; sourceTree = "<group>"; };
		40965BD420FF0E03006AB314 /* PMCoreDataHelper.swift */ = {isa = PBXFileReference; fileEncoding = 4; lastKnownFileType = sourcecode.swift; path = PMCoreDataHelper.swift; sourceTree = "<group>"; };
		78AC4EEF20FFEF2000D4CE97 /* addStuff.swift */ = {isa = PBXFileReference; lastKnownFileType = sourcecode.swift; name = addStuff.swift; path = TodoMakeSchool/Controllers/addStuff.swift; sourceTree = SOURCE_ROOT; };
/* End PBXFileReference section */

/* Begin PBXFrameworksBuildPhase section */
		402E20D620F0047700F1E823 /* Frameworks */ = {
			isa = PBXFrameworksBuildPhase;
			buildActionMask = 2147483647;
			files = (
			);
			runOnlyForDeploymentPostprocessing = 0;
		};
/* End PBXFrameworksBuildPhase section */

/* Begin PBXGroup section */
		402E20D020F0047700F1E823 = {
			isa = PBXGroup;
			children = (
				402E20DB20F0047700F1E823 /* TodoMakeSchool */,
				402E20DA20F0047700F1E823 /* Products */,
			);
			sourceTree = "<group>";
		};
		402E20DA20F0047700F1E823 /* Products */ = {
			isa = PBXGroup;
			children = (
				402E20D920F0047700F1E823 /* TodoMakeSchool.app */,
			);
			name = Products;
			sourceTree = "<group>";
		};
		402E20DB20F0047700F1E823 /* TodoMakeSchool */ = {
			isa = PBXGroup;
			children = (
				40965BD320FF0CBB006AB314 /* Extensions */,
				40965BD220FF0C7D006AB314 /* Storyboards */,
				40965BD120FF0C65006AB314 /* Supporting */,
				40965BCA20FE9C20006AB314 /* Sound Files */,
				40965BC920FE9BD8006AB314 /* Helpers */,
				402E20F620F0123100F1E823 /* Views */,
				402E20F320F00A2E00F1E823 /* Controllers */,
				402E20EE20F005DD00F1E823 /* Model */,
				402E20DC20F0047700F1E823 /* AppDelegate.swift */,
				402E20E320F0047700F1E823 /* Assets.xcassets */,
				402E20E820F0047700F1E823 /* Info.plist */,
			);
			path = TodoMakeSchool;
			sourceTree = "<group>";
		};
		402E20EE20F005DD00F1E823 /* Model */ = {
			isa = PBXGroup;
			children = (
				402E20EF20F005F600F1E823 /* Task.swift */,
				402E20F120F0068200F1E823 /* Category.swift */,
			);
			path = Model;
			sourceTree = "<group>";
		};
		402E20F320F00A2E00F1E823 /* Controllers */ = {
			isa = PBXGroup;
			children = (
				402E20F420F00A9C00F1E823 /* TasksTableController.swift */,
				403D0C8C20F3CF5400FF171A /* DisplayTaskViewController.swift */,
				40965BCD20FED27A006AB314 /* TimeViewController.swift */,
				40965BCF20FF0645006AB314 /* CategoryViewController.swift */,
			);
			path = Controllers;
			sourceTree = "<group>";
		};
		402E20F620F0123100F1E823 /* Views */ = {
			isa = PBXGroup;
			children = (
				402E20F720F012C200F1E823 /* ListTaskTableViewCell.swift */,
			);
			path = Views;
			sourceTree = "<group>";
		};
		40965BC920FE9BD8006AB314 /* Helpers */ = {
			isa = PBXGroup;
			children = (
				40965BD420FF0E03006AB314 /* PMCoreDataHelper.swift */,
				40965BCB20FED19A006AB314 /* PMSoundHelper.swift */,
			);
			path = Helpers;
			sourceTree = "<group>";
		};
		40965BCA20FE9C20006AB314 /* Sound Files */ = {
			isa = PBXGroup;
			children = (
			);
			path = "Sound Files";
			sourceTree = "<group>";
		};
		40965BD120FF0C65006AB314 /* Supporting */ = {
			isa = PBXGroup;
			children = (
				78AC4EEF20FFEF2000D4CE97 /* addStuff.swift */,
			);
			path = Supporting;
			sourceTree = "<group>";
		};
		40965BD220FF0C7D006AB314 /* Storyboards */ = {
			isa = PBXGroup;
			children = (
				402E20E020F0047700F1E823 /* Main.storyboard */,
				402E20E520F0047700F1E823 /* LaunchScreen.storyboard */,
			);
			path = Storyboards;
			sourceTree = "<group>";
		};
		40965BD320FF0CBB006AB314 /* Extensions */ = {
			isa = PBXGroup;
			children = (
			);
			path = Extensions;
			sourceTree = "<group>";
		};
/* End PBXGroup section */

/* Begin PBXNativeTarget section */
		402E20D820F0047700F1E823 /* TodoMakeSchool */ = {
			isa = PBXNativeTarget;
			buildConfigurationList = 402E20EB20F0047700F1E823 /* Build configuration list for PBXNativeTarget "TodoMakeSchool" */;
			buildPhases = (
				402E20D520F0047700F1E823 /* Sources */,
				402E20D620F0047700F1E823 /* Frameworks */,
				402E20D720F0047700F1E823 /* Resources */,
			);
			buildRules = (
			);
			dependencies = (
			);
			name = TodoMakeSchool;
			productName = TodoMakeSchool;
			productReference = 402E20D920F0047700F1E823 /* TodoMakeSchool.app */;
			productType = "com.apple.product-type.application";
		};
/* End PBXNativeTarget section */

/* Begin PBXProject section */
		402E20D120F0047700F1E823 /* Project object */ = {
			isa = PBXProject;
			attributes = {
				LastSwiftUpdateCheck = 0910;
				LastUpgradeCheck = 0940;
				ORGANIZATIONNAME = "William Fernandes";
				TargetAttributes = {
					402E20D820F0047700F1E823 = {
						CreatedOnToolsVersion = 9.1;
						ProvisioningStyle = Automatic;
					};
				};
			};
			buildConfigurationList = 402E20D420F0047700F1E823 /* Build configuration list for PBXProject "TodoMakeSchool" */;
			compatibilityVersion = "Xcode 8.0";
			developmentRegion = en;
			hasScannedForEncodings = 0;
			knownRegions = (
				en,
				Base,
			);
			mainGroup = 402E20D020F0047700F1E823;
			productRefGroup = 402E20DA20F0047700F1E823 /* Products */;
			projectDirPath = "";
			projectRoot = "";
			targets = (
				402E20D820F0047700F1E823 /* TodoMakeSchool */,
			);
		};
/* End PBXProject section */

/* Begin PBXResourcesBuildPhase section */
		402E20D720F0047700F1E823 /* Resources */ = {
			isa = PBXResourcesBuildPhase;
			buildActionMask = 2147483647;
			files = (
				402E20E720F0047700F1E823 /* LaunchScreen.storyboard in Resources */,
				402E20E420F0047700F1E823 /* Assets.xcassets in Resources */,
				402E20E220F0047700F1E823 /* Main.storyboard in Resources */,
			);
			runOnlyForDeploymentPostprocessing = 0;
		};
/* End PBXResourcesBuildPhase section */

/* Begin PBXSourcesBuildPhase section */
		402E20D520F0047700F1E823 /* Sources */ = {
			isa = PBXSourcesBuildPhase;
			buildActionMask = 2147483647;
			files = (
				78AC4EF020FFEF2000D4CE97 /* addStuff.swift in Sources */,
				40965BD520FF0E03006AB314 /* PMCoreDataHelper.swift in Sources */,
				40965BD020FF0645006AB314 /* CategoryViewController.swift in Sources */,
				402E20F520F00A9C00F1E823 /* TasksTableController.swift in Sources */,
				402E20F820F012C200F1E823 /* ListTaskTableViewCell.swift in Sources */,
				402E20F020F005F600F1E823 /* Task.swift in Sources */,
				40965BCC20FED19A006AB314 /* PMSoundHelper.swift in Sources */,
				402E20DD20F0047700F1E823 /* AppDelegate.swift in Sources */,
				402E20F220F0068200F1E823 /* Category.swift in Sources */,
				40965BCE20FED27A006AB314 /* TimeViewController.swift in Sources */,
				403D0C8D20F3CF5400FF171A /* DisplayTaskViewController.swift in Sources */,
			);
			runOnlyForDeploymentPostprocessing = 0;
		};
/* End PBXSourcesBuildPhase section */

/* Begin PBXVariantGroup section */
		402E20E020F0047700F1E823 /* Main.storyboard */ = {
			isa = PBXVariantGroup;
			children = (
				402E20E120F0047700F1E823 /* Base */,
			);
			name = Main.storyboard;
			sourceTree = "<group>";
		};
		402E20E520F0047700F1E823 /* LaunchScreen.storyboard */ = {
			isa = PBXVariantGroup;
			children = (
				402E20E620F0047700F1E823 /* Base */,
			);
			name = LaunchScreen.storyboard;
			sourceTree = "<group>";
		};
/* End PBXVariantGroup section */

/* Begin XCBuildConfiguration section */
		402E20E920F0047700F1E823 /* Debug */ = {
			isa = XCBuildConfiguration;
			buildSettings = {
				ALWAYS_SEARCH_USER_PATHS = NO;
				CLANG_ANALYZER_NONNULL = YES;
				CLANG_ANALYZER_NUMBER_OBJECT_CONVERSION = YES_AGGRESSIVE;
				CLANG_CXX_LANGUAGE_STANDARD = "gnu++14";
				CLANG_CXX_LIBRARY = "libc++";
				CLANG_ENABLE_MODULES = YES;
				CLANG_ENABLE_OBJC_ARC = YES;
				CLANG_WARN_BLOCK_CAPTURE_AUTORELEASING = YES;
				CLANG_WARN_BOOL_CONVERSION = YES;
				CLANG_WARN_COMMA = YES;
				CLANG_WARN_CONSTANT_CONVERSION = YES;
				CLANG_WARN_DEPRECATED_OBJC_IMPLEMENTATIONS = YES;
				CLANG_WARN_DIRECT_OBJC_ISA_USAGE = YES_ERROR;
				CLANG_WARN_DOCUMENTATION_COMMENTS = YES;
				CLANG_WARN_EMPTY_BODY = YES;
				CLANG_WARN_ENUM_CONVERSION = YES;
				CLANG_WARN_INFINITE_RECURSION = YES;
				CLANG_WARN_INT_CONVERSION = YES;
				CLANG_WARN_NON_LITERAL_NULL_CONVERSION = YES;
				CLANG_WARN_OBJC_IMPLICIT_RETAIN_SELF = YES;
				CLANG_WARN_OBJC_LITERAL_CONVERSION = YES;
				CLANG_WARN_OBJC_ROOT_CLASS = YES_ERROR;
				CLANG_WARN_RANGE_LOOP_ANALYSIS = YES;
				CLANG_WARN_STRICT_PROTOTYPES = YES;
				CLANG_WARN_SUSPICIOUS_MOVE = YES;
				CLANG_WARN_UNGUARDED_AVAILABILITY = YES_AGGRESSIVE;
				CLANG_WARN_UNREACHABLE_CODE = YES;
				CLANG_WARN__DUPLICATE_METHOD_MATCH = YES;
				CODE_SIGN_IDENTITY = "iPhone Developer";
				COPY_PHASE_STRIP = NO;
				DEBUG_INFORMATION_FORMAT = dwarf;
				ENABLE_STRICT_OBJC_MSGSEND = YES;
				ENABLE_TESTABILITY = YES;
				GCC_C_LANGUAGE_STANDARD = gnu11;
				GCC_DYNAMIC_NO_PIC = NO;
				GCC_NO_COMMON_BLOCKS = YES;
				GCC_OPTIMIZATION_LEVEL = 0;
				GCC_PREPROCESSOR_DEFINITIONS = (
					"DEBUG=1",
					"$(inherited)",
				);
				GCC_WARN_64_TO_32_BIT_CONVERSION = YES;
				GCC_WARN_ABOUT_RETURN_TYPE = YES_ERROR;
				GCC_WARN_UNDECLARED_SELECTOR = YES;
				GCC_WARN_UNINITIALIZED_AUTOS = YES_AGGRESSIVE;
				GCC_WARN_UNUSED_FUNCTION = YES;
				GCC_WARN_UNUSED_VARIABLE = YES;
				IPHONEOS_DEPLOYMENT_TARGET = 11.1;
				MTL_ENABLE_DEBUG_INFO = YES;
				ONLY_ACTIVE_ARCH = YES;
				SDKROOT = iphoneos;
				SWIFT_ACTIVE_COMPILATION_CONDITIONS = DEBUG;
				SWIFT_OPTIMIZATION_LEVEL = "-Onone";
			};
			name = Debug;
		};
		402E20EA20F0047700F1E823 /* Release */ = {
			isa = XCBuildConfiguration;
			buildSettings = {
				ALWAYS_SEARCH_USER_PATHS = NO;
				CLANG_ANALYZER_NONNULL = YES;
				CLANG_ANALYZER_NUMBER_OBJECT_CONVERSION = YES_AGGRESSIVE;
				CLANG_CXX_LANGUAGE_STANDARD = "gnu++14";
				CLANG_CXX_LIBRARY = "libc++";
				CLANG_ENABLE_MODULES = YES;
				CLANG_ENABLE_OBJC_ARC = YES;
				CLANG_WARN_BLOCK_CAPTURE_AUTORELEASING = YES;
				CLANG_WARN_BOOL_CONVERSION = YES;
				CLANG_WARN_COMMA = YES;
				CLANG_WARN_CONSTANT_CONVERSION = YES;
				CLANG_WARN_DEPRECATED_OBJC_IMPLEMENTATIONS = YES;
				CLANG_WARN_DIRECT_OBJC_ISA_USAGE = YES_ERROR;
				CLANG_WARN_DOCUMENTATION_COMMENTS = YES;
				CLANG_WARN_EMPTY_BODY = YES;
				CLANG_WARN_ENUM_CONVERSION = YES;
				CLANG_WARN_INFINITE_RECURSION = YES;
				CLANG_WARN_INT_CONVERSION = YES;
				CLANG_WARN_NON_LITERAL_NULL_CONVERSION = YES;
				CLANG_WARN_OBJC_IMPLICIT_RETAIN_SELF = YES;
				CLANG_WARN_OBJC_LITERAL_CONVERSION = YES;
				CLANG_WARN_OBJC_ROOT_CLASS = YES_ERROR;
				CLANG_WARN_RANGE_LOOP_ANALYSIS = YES;
				CLANG_WARN_STRICT_PROTOTYPES = YES;
				CLANG_WARN_SUSPICIOUS_MOVE = YES;
				CLANG_WARN_UNGUARDED_AVAILABILITY = YES_AGGRESSIVE;
				CLANG_WARN_UNREACHABLE_CODE = YES;
				CLANG_WARN__DUPLICATE_METHOD_MATCH = YES;
				CODE_SIGN_IDENTITY = "iPhone Developer";
				COPY_PHASE_STRIP = NO;
				DEBUG_INFORMATION_FORMAT = "dwarf-with-dsym";
				ENABLE_NS_ASSERTIONS = NO;
				ENABLE_STRICT_OBJC_MSGSEND = YES;
				GCC_C_LANGUAGE_STANDARD = gnu11;
				GCC_NO_COMMON_BLOCKS = YES;
				GCC_WARN_64_TO_32_BIT_CONVERSION = YES;
				GCC_WARN_ABOUT_RETURN_TYPE = YES_ERROR;
				GCC_WARN_UNDECLARED_SELECTOR = YES;
				GCC_WARN_UNINITIALIZED_AUTOS = YES_AGGRESSIVE;
				GCC_WARN_UNUSED_FUNCTION = YES;
				GCC_WARN_UNUSED_VARIABLE = YES;
				IPHONEOS_DEPLOYMENT_TARGET = 11.1;
				MTL_ENABLE_DEBUG_INFO = NO;
				SDKROOT = iphoneos;
				SWIFT_OPTIMIZATION_LEVEL = "-Owholemodule";
				VALIDATE_PRODUCT = YES;
			};
			name = Release;
		};
		402E20EC20F0047700F1E823 /* Debug */ = {
			isa = XCBuildConfiguration;
			buildSettings = {
				ASSETCATALOG_COMPILER_APPICON_NAME = AppIcon;
				CODE_SIGN_STYLE = Automatic;
				DEVELOPMENT_TEAM = SKL692966H;
				INFOPLIST_FILE = TodoMakeSchool/Info.plist;
				LD_RUNPATH_SEARCH_PATHS = "$(inherited) @executable_path/Frameworks";
				PRODUCT_BUNDLE_IDENTIFIER = com.lssw.pomoplusplus;
				PRODUCT_NAME = "$(TARGET_NAME)";
				SWIFT_VERSION = 4.0;
				TARGETED_DEVICE_FAMILY = "1,2";
			};
			name = Debug;
		};
		402E20ED20F0047700F1E823 /* Release */ = {
			isa = XCBuildConfiguration;
			buildSettings = {
				ASSETCATALOG_COMPILER_APPICON_NAME = AppIcon;
				CODE_SIGN_STYLE = Automatic;
				DEVELOPMENT_TEAM = SKL692966H;
				INFOPLIST_FILE = TodoMakeSchool/Info.plist;
				LD_RUNPATH_SEARCH_PATHS = "$(inherited) @executable_path/Frameworks";
				PRODUCT_BUNDLE_IDENTIFIER = com.lssw.pomoplusplus;
				PRODUCT_NAME = "$(TARGET_NAME)";
				SWIFT_VERSION = 4.0;
				TARGETED_DEVICE_FAMILY = "1,2";
			};
			name = Release;
		};
/* End XCBuildConfiguration section */

/* Begin XCConfigurationList section */
		402E20D420F0047700F1E823 /* Build configuration list for PBXProject "TodoMakeSchool" */ = {
			isa = XCConfigurationList;
			buildConfigurations = (
				402E20E920F0047700F1E823 /* Debug */,
				402E20EA20F0047700F1E823 /* Release */,
			);
			defaultConfigurationIsVisible = 0;
			defaultConfigurationName = Release;
		};
		402E20EB20F0047700F1E823 /* Build configuration list for PBXNativeTarget "TodoMakeSchool" */ = {
			isa = XCConfigurationList;
			buildConfigurations = (
				402E20EC20F0047700F1E823 /* Debug */,
				402E20ED20F0047700F1E823 /* Release */,
			);
			defaultConfigurationIsVisible = 0;
			defaultConfigurationName = Release;
		};
/* End XCConfigurationList section */
	};
	rootObject = 402E20D120F0047700F1E823 /* Project object */;
}
